
Microsoft Visual Studio Solution File, Format Version 12.00
# Visual Studio 15
VisualStudioVersion = 15.0.28307.168
MinimumVisualStudioVersion = 10.0.40219.1
Project("{FAE04EC0-301F-11D3-BF4B-00C04F79EFBC}") = "PDFViewTest.UWP", "PDFViewTest\PDFViewTest.UWP\PDFViewTest.UWP.csproj", "{28D75CEB-255B-4CB4-B97B-1367FBF03DFF}"
EndProject
Project("{FAE04EC0-301F-11D3-BF4B-00C04F79EFBC}") = "PDFViewTest", "PDFViewTest\PDFViewTest\PDFViewTest.csproj", "{5B44AA2D-3B71-4017-810C-947090EF4987}"
EndProject
Global
	GlobalSection(SolutionConfigurationPlatforms) = preSolution
		Debug|Any CPU = Debug|Any CPU
		Debug|ARM = Debug|ARM
		Debug|x64 = Debug|x64
		Debug|x86 = Debug|x86
		Release|Any CPU = Release|Any CPU
		Release|ARM = Release|ARM
		Release|x64 = Release|x64
		Release|x86 = Release|x86
	EndGlobalSection
	GlobalSection(ProjectConfigurationPlatforms) = postSolution
		{28D75CEB-255B-4CB4-B97B-1367FBF03DFF}.Debug|Any CPU.ActiveCfg = Debug|x86
		{28D75CEB-255B-4CB4-B97B-1367FBF03DFF}.Debug|Any CPU.Build.0 = Debug|x86
		{28D75CEB-255B-4CB4-B97B-1367FBF03DFF}.Debug|Any CPU.Deploy.0 = Debug|x86
		{28D75CEB-255B-4CB4-B97B-1367FBF03DFF}.Debug|ARM.ActiveCfg = Debug|ARM
		{28D75CEB-255B-4CB4-B97B-1367FBF03DFF}.Debug|ARM.Build.0 = Debug|ARM
		{28D75CEB-255B-4CB4-B97B-1367FBF03DFF}.Debug|ARM.Deploy.0 = Debug|ARM
		{28D75CEB-255B-4CB4-B97B-1367FBF03DFF}.Debug|x64.ActiveCfg = Debug|x64
		{28D75CEB-255B-4CB4-B97B-1367FBF03DFF}.Debug|x64.Build.0 = Debug|x64
		{28D75CEB-255B-4CB4-B97B-1367FBF03DFF}.Debug|x64.Deploy.0 = Debug|x64
		{28D75CEB-255B-4CB4-B97B-1367FBF03DFF}.Debug|x86.ActiveCfg = Debug|x86
		{28D75CEB-255B-4CB4-B97B-1367FBF03DFF}.Debug|x86.Build.0 = Debug|x86
		{28D75CEB-255B-4CB4-B97B-1367FBF03DFF}.Debug|x86.Deploy.0 = Debug|x86
		{28D75CEB-255B-4CB4-B97B-1367FBF03DFF}.Release|Any CPU.ActiveCfg = Release|x86
		{28D75CEB-255B-4CB4-B97B-1367FBF03DFF}.Release|Any CPU.Build.0 = Release|x86
		{28D75CEB-255B-4CB4-B97B-1367FBF03DFF}.Release|Any CPU.Deploy.0 = Release|x86
		{28D75CEB-255B-4CB4-B97B-1367FBF03DFF}.Release|ARM.ActiveCfg = Release|ARM
		{28D75CEB-255B-4CB4-B97B-1367FBF03DFF}.Release|ARM.Build.0 = Release|ARM
		{28D75CEB-255B-4CB4-B97B-1367FBF03DFF}.Release|ARM.Deploy.0 = Release|ARM
		{28D75CEB-255B-4CB4-B97B-1367FBF03DFF}.Release|x64.ActiveCfg = Release|x64
		{28D75CEB-255B-4CB4-B97B-1367FBF03DFF}.Release|x64.Build.0 = Release|x64
		{28D75CEB-255B-4CB4-B97B-1367FBF03DFF}.Release|x64.Deploy.0 = Release|x64
		{28D75CEB-255B-4CB4-B97B-1367FBF03DFF}.Release|x86.ActiveCfg = Release|x86
		{28D75CEB-255B-4CB4-B97B-1367FBF03DFF}.Release|x86.Build.0 = Release|x86
		{28D75CEB-255B-4CB4-B97B-1367FBF03DFF}.Release|x86.Deploy.0 = Release|x86
		{5B44AA2D-3B71-4017-810C-947090EF4987}.Debug|Any CPU.ActiveCfg = Debug|Any CPU
		{5B44AA2D-3B71-4017-810C-947090EF4987}.Debug|Any CPU.Build.0 = Debug|Any CPU
		{5B44AA2D-3B71-4017-810C-947090EF4987}.Debug|Any CPU.Deploy.0 = Debug|Any CPU
		{5B44AA2D-3B71-4017-810C-947090EF4987}.Debug|ARM.ActiveCfg = Debug|Any CPU
		{5B44AA2D-3B71-4017-810C-947090EF4987}.Debug|ARM.Build.0 = Debug|Any CPU
		{5B44AA2D-3B71-4017-810C-947090EF4987}.Debug|ARM.Deploy.0 = Debug|Any CPU
		{5B44AA2D-3B71-4017-810C-947090EF4987}.Debug|x64.ActiveCfg = Debug|Any CPU
		{5B44AA2D-3B71-4017-810C-947090EF4987}.Debug|x64.Build.0 = Debug|Any CPU
		{5B44AA2D-3B71-4017-810C-947090EF4987}.Debug|x64.Deploy.0 = Debug|Any CPU
		{5B44AA2D-3B71-4017-810C-947090EF4987}.Debug|x86.ActiveCfg = Debug|Any CPU
		{5B44AA2D-3B71-4017-810C-947090EF4987}.Debug|x86.Build.0 = Debug|Any CPU
		{5B44AA2D-3B71-4017-810C-947090EF4987}.Debug|x86.Deploy.0 = Debug|Any CPU
		{5B44AA2D-3B71-4017-810C-947090EF4987}.Release|Any CPU.ActiveCfg = Release|Any CPU
		{5B44AA2D-3B71-4017-810C-947090EF4987}.Release|Any CPU.Build.0 = Release|Any CPU
		{5B44AA2D-3B71-4017-810C-947090EF4987}.Release|Any CPU.Deploy.0 = Release|Any CPU
		{5B44AA2D-3B71-4017-810C-947090EF4987}.Release|ARM.ActiveCfg = Release|Any CPU
		{5B44AA2D-3B71-4017-810C-947090EF4987}.Release|ARM.Build.0 = Release|Any CPU
		{5B44AA2D-3B71-4017-810C-947090EF4987}.Release|ARM.Deploy.0 = Release|Any CPU
		{5B44AA2D-3B71-4017-810C-947090EF4987}.Release|x64.ActiveCfg = Release|Any CPU
		{5B44AA2D-3B71-4017-810C-947090EF4987}.Release|x64.Build.0 = Release|Any CPU
		{5B44AA2D-3B71-4017-810C-947090EF4987}.Release|x64.Deploy.0 = Release|Any CPU
		{5B44AA2D-3B71-4017-810C-947090EF4987}.Release|x86.ActiveCfg = Release|Any CPU
		{5B44AA2D-3B71-4017-810C-947090EF4987}.Release|x86.Build.0 = Release|Any CPU
		{5B44AA2D-3B71-4017-810C-947090EF4987}.Release|x86.Deploy.0 = Release|Any CPU
	EndGlobalSection
	GlobalSection(SolutionProperties) = preSolution
		HideSolutionNode = FALSE
	EndGlobalSection
	GlobalSection(ExtensibilityGlobals) = postSolution
		SolutionGuid = {D52F5985-0806-456F-97A6-8F320D083064}
	EndGlobalSection
EndGlobal
